{
  "name": "zenn",
  "version": "1.0.0",
  "lockfileVersion": 2,
  "requires": true,
  "packages": {
    "": {
      "name": "zenn",
      "version": "1.0.0",
      "license": "ISC",
      "dependencies": {
        "zenn-cli": "^0.1.158"
      },
      "devDependencies": {
        "prettier-plugin-md-nocjsp": "^1.5.1"
      }
    },
    "node_modules/prettier": {
      "version": "2.8.4",
      "resolved": "https://registry.npmjs.org/prettier/-/prettier-2.8.4.tgz",
      "integrity": "sha512-vIS4Rlc2FNh0BySk3Wkd6xmwxB0FpOndW5fisM5H8hsZSxU2VWVB5CWIkIjWvrHjIhxk2g3bfMKM87zNTrZddw==",
      "dev": true,
      "peer": true,
      "bin": {
        "prettier": "bin-prettier.js"
      },
      "engines": {
        "node": ">=10.13.0"
      },
      "funding": {
        "url": "https://github.com/prettier/prettier?sponsor=1"
      }
    },
    "node_modules/prettier-plugin-md-nocjsp": {
      "version": "1.5.1",
      "resolved": "https://registry.npmjs.org/prettier-plugin-md-nocjsp/-/prettier-plugin-md-nocjsp-1.5.1.tgz",
      "integrity": "sha512-qJyt8otPPNetQEcsZEaS4BGSgGfrhX9CfvcUUauvHewaMMZDxWDU8GB1VkWHwhLZ4W9nDTfWxGPBce8Ot4Jaxg==",
      "dev": true,
      "peerDependencies": {
        "prettier": "2.x"
      }
    },
    "node_modules/zenn-cli": {
      "version": "0.1.158",
      "resolved": "https://registry.npmjs.org/zenn-cli/-/zenn-cli-0.1.158.tgz",
      "integrity": "sha512-bvQ96fK+9qw+SKxEmncg/rYU+1u0V6Bh+HuV8By+u4L+VZt/jn9hFyL+KWj/2ncSBDtcEBo6XLsCdNLxlUo+RA==",
      "bin": {
        "zenn": "dist/server/zenn.js"
      },
      "engines": {
        "node": ">=14.0.0"
      }
    }
  },
  "dependencies": {
    "prettier": {
      "version": "2.8.4",
      "resolved": "https://registry.npmjs.org/prettier/-/prettier-2.8.4.tgz",
      "integrity": "sha512-vIS4Rlc2FNh0BySk3Wkd6xmwxB0FpOndW5fisM5H8hsZSxU2VWVB5CWIkIjWvrHjIhxk2g3bfMKM87zNTrZddw==",
      "dev": true,
      "peer": true
    },
    "prettier-plugin-md-nocjsp": {
      "version": "1.5.1",
      "resolved": "https://registry.npmjs.org/prettier-plugin-md-nocjsp/-/prettier-plugin-md-nocjsp-1.5.1.tgz",
      "integrity": "sha512-qJyt8otPPNetQEcsZEaS4BGSgGfrhX9CfvcUUauvHewaMMZDxWDU8GB1VkWHwhLZ4W9nDTfWxGPBce8Ot4Jaxg==",
      "dev": true,
      "requires": {}
    },
    "zenn-cli": {
      "version": "0.1.158",
      "resolved": "https://registry.npmjs.org/zenn-cli/-/zenn-cli-0.1.158.tgz",
      "integrity": "sha512-bvQ96fK+9qw+SKxEmncg/rYU+1u0V6Bh+HuV8By+u4L+VZt/jn9hFyL+KWj/2ncSBDtcEBo6XLsCdNLxlUo+RA=="
    }
  }
}
